
Microsoft Visual Studio Solution File, Format Version 12.00
Project("{FAE04EC0-301F-11D3-BF4B-00C04F79EFBC}") = "Cake.Recipe", "Cake.Recipe\Cake.Recipe.csproj", "{7AE5C26A-D5E1-4E84-A874-06BFBFB86F07}"
EndProject
Global
	GlobalSection(SolutionConfigurationPlatforms) = preSolution
		Debug|Any CPU = Debug|Any CPU
		Release|Any CPU = Release|Any CPU
	EndGlobalSection
	GlobalSection(ProjectConfigurationPlatforms) = postSolution
		{7AE5C26A-D5E1-4E84-A874-06BFBFB86F07}.Debug|Any CPU.ActiveCfg = Debug|Any CPU
		{7AE5C26A-D5E1-4E84-A874-06BFBFB86F07}.Debug|Any CPU.Build.0 = Debug|Any CPU
		{7AE5C26A-D5E1-4E84-A874-06BFBFB86F07}.Release|Any CPU.ActiveCfg = Release|Any CPU
		{7AE5C26A-D5E1-4E84-A874-06BFBFB86F07}.Release|Any CPU.Build.0 = Release|Any CPU
	EndGlobalSection
EndGlobal
